%% THIS FILE IS GENERATED. DO NOT EDIT IT MANUALLY %%

{sub_dirs,["rel","deps","include"]}.
{deps,[{rebar_lock_deps_plugin,".*",
                               {git,"git://github.com/seth/rebar_lock_deps_plugin.git",
                                    "7a5835029c42b8138325405237ea7e8516a84800"}},
       {proper,".*",
               {git,"https://github.com/manopapad/proper.git",
                    "1b773eeb47cb2c3116d78bdf681505703b762eee"}},
       {shamir,".*",
               {git,"git://github.com/marksteele/shamir",
                    "b74cde53ce49393c7ddb267525dc9a139b4c8e1b"}},
       {poolboy,".*",
                {git,"git://github.com/devinus/poolboy.git",
                     "3bb48a893ff5598f7c73731ac17545206d259fac"}},
       {jiffy,".*",
              {git,"git://github.com/davisp/jiffy.git",
                   "6303ff98aaa3fce625038c8b7af2aa8b802f4742"}},
       {nacl,".*",
             {git,"git://github.com/marksteele/erlang-nacl.git",
                  "c756a13182fe15549086c3a42e22dedc0a03c8c7"}},
       {passwderl,".*",
                  {git,"git://github.com/marksteele/passwderl.git",
                       "9ea83ba761e86a94c31a2a1c27c9d2d5755f8815"}},
       {goldrush,".*",
                 {git,"git://github.com/DeadZen/goldrush.git",
                      "71e63212f12c25827e0c1b4198d37d5d018a7fec"}},
       {lager,".*",
              {git,"git://github.com/basho/lager.git",
                   "b6b6cebcb27ccff8acc59ae775acebc2f52e4926"}},
       {foldrerl,".*",
                 {git,"git://github.com/marksteele/foldrerl.git",
                      "6a4f90796f968caa6f25dae01f1f28dd7b00ed6c"}},
       {ocsperl,".*",
                {git,"git://github.com/marksteele/ocsperl.git",
                     "458f5d6e0dca370ec9d28a0762a57e24a325b9bc"}},
       {cache,".*",
              {git,"git://github.com/fogfish/cache.git",
                   "572050affc41a461a8a89eb87adf632701e695ef"}},
       {erlware_commons,".*",
                        {git,"git://github.com/erlware/erlware_commons.git",
                             "83adceaa1abc1af5358a61601b17d10c43e6d7a1"}},
       {erlang_localtime,".*",
                         {git,"git://github.com/choptastic/erlang_localtime.git",
                              "78276b1f9e59710263bf9ff27090f004b1f8fd56"}},
       {qdate,".*",
              {git,"git://github.com/choptastic/qdate.git",
                   "7910de376e7de01e1f1d0ee6e82e13c02afacf59"}},
       {edown,".*",
              {git,"git://github.com/uwiger/edown.git",
                   "b7c8eb0ac1859f8fce11cbfe3526f5ec83194776"}},
       {parse_trans,".*",
                    {git,"git://github.com/uwiger/parse_trans.git",
                         "a210adafdfbb904d156d8f22abd5fb58fc17de1e"}},
       {meck,".*",
             {git,"git://github.com/eproxus/meck.git",
                  "dde759050eff19a1a80fd854d7375174b191665d"}},
       {bear,".*",
             {git,"git://github.com/boundary/bear.git",
                  "119234548783af19b8ec75c879c5062676b92571"}},
       {folsom,".*",
               {git,"git://github.com/folsom-project/folsom",
                    "38e2cce7c64ce1f0a3a918d90394cfc0a940b1ba"}},
       {setup,".*",
              {git,"git://github.com/uwiger/setup.git",
                   "5c7d635145e5ffb8b0fa6b470770cdd1cb16b0b2"}},
       {exometer_core,".*",
                      {git,"git://github.com/Feuerlabs/exometer_core.git",
                           "5fdd9426713a3c26cae32f644a3120711b1cdb64"}},
       {getopt,".*",
               {git,"git://github.com/jcomellas/getopt.git",
                    "626698975e63866156159661d100785d65eab6f9"}},
       {neotoma,".*",
                {git,"git://github.com/seancribbs/neotoma.git",
                     "6ac6007c7713712a80096de5c7cdf5b85b01374e"}},
       {cuttlefish,".*",
                   {git,"git://github.com/basho/cuttlefish.git",
                        "9ff58304e3496dfc9644089cfa13f7c255614d9c"}},
       {eleveldb,".*",
                 {git,"git://github.com/basho/eleveldb.git",
                      "ed3a07269bc099fe3d2d556ce1d3b3a72c26aa05"}},
       {riak_ensemble,".*",
                      {git,"git://github.com/basho/riak_ensemble",
                           "fe1e6c2675b3fa0582ee418e9e6628e1c9a7aff2"}},
       {perc,".*",
             {git,"git://github.com/marksteele/perc.git",
                  "3487f35bd5cc066ca4a98192006244546b76ecd7"}},
       {ej,".*",
           {git,"git://github.com/seth/ej.git",
                "132a9a3c0662a2377eaf7ebee694a496a0957160"}},
       {cowlib,".*",
               {git,"https://github.com/ninenines/cowlib.git",
                    "d544a494af4dbc810fc9c15eaf5cc050cced1501"}},
       {ranch,".*",
              {git,"https://github.com/ninenines/ranch.git",
                   "adf1822defc2b7cfdc7aca112adabfa1d614043c"}},
       {cowboy,".*",
               {git,"https://github.com/ninenines/cowboy",
                    "d08c2ab39d38c181abda279d5c2cadfac33a50c1"}}]}.
{erl_opts,[warnings_as_errors,fail_on_warning,
           [native,{hipe,[o3]}],
           debug_info]}.
{plugins,[rebar_lock_deps_plugin]}.

